
Microsoft Visual Studio Solution File, Format Version 12.00
# Visual Studio Version 17
VisualStudioVersion = 17.7.34024.191
MinimumVisualStudioVersion = 10.0.40219.1
Project("{9A19103F-16F7-4668-BE54-9A1E7A4F7556}") = "xPlatformLukma", "xPlatformLukma.csproj", "{54FA7C3E-FAAE-4843-BBDE-C50B83BA626D}"
EndProject
Global
	GlobalSection(SolutionConfigurationPlatforms) = preSolution
		Debug|Any CPU = Debug|Any CPU
		Debug|x64 = Debug|x64
		Release|Any CPU = Release|Any CPU
		Release|x64 = Release|x64
	EndGlobalSection
	GlobalSection(ProjectConfigurationPlatforms) = postSolution
		{54FA7C3E-FAAE-4843-BBDE-C50B83BA626D}.Debug|Any CPU.ActiveCfg = Debug|Any CPU
		{54FA7C3E-FAAE-4843-BBDE-C50B83BA626D}.Debug|x64.ActiveCfg = Debug|x64
		{54FA7C3E-FAAE-4843-BBDE-C50B83BA626D}.Debug|x64.Build.0 = Debug|x64
		{54FA7C3E-FAAE-4843-BBDE-C50B83BA626D}.Release|Any CPU.ActiveCfg = Release|Any CPU
		{54FA7C3E-FAAE-4843-BBDE-C50B83BA626D}.Release|x64.ActiveCfg = Release|x64
		{54FA7C3E-FAAE-4843-BBDE-C50B83BA626D}.Release|x64.Build.0 = Release|x64
		{54FA7C3E-FAAE-4843-BBDE-C50B83BA626D}.Debug|Any CPU.Build.0 = Debug|Any CPU
	EndGlobalSection
	GlobalSection(SolutionProperties) = preSolution
		HideSolutionNode = FALSE
	EndGlobalSection
	GlobalSection(ExtensibilityGlobals) = postSolution
		SolutionGuid = {412D7C06-D620-4D22-A2D9-A6B2C56D2DD9}
	EndGlobalSection
	GlobalSection(MonoDevelopProperties) = preSolution
		Policies = $0
		$0.DotNetNamingPolicy = $1
		$1.DirectoryNamespaceAssociation = PrefixedHierarchical
		version = 1.1.0
	EndGlobalSection
EndGlobal
